
Microsoft Visual Studio Solution File, Format Version 12.00
# Visual Studio 15
VisualStudioVersion = 15.0.27428.2002
MinimumVisualStudioVersion = 10.0.40219.1
Project("{FAE04EC0-301F-11D3-BF4B-00C04F79EFBC}") = "Lookup", "Lookup.csproj", "{CCF90032-B357-4B04-9DD7-081343FCE138}"
EndProject
Global
	GlobalSection(SolutionConfigurationPlatforms) = preSolution
		Debug|Any CPU = Debug|Any CPU
		Release|Any CPU = Release|Any CPU
	EndGlobalSection
	GlobalSection(ProjectConfigurationPlatforms) = postSolution
		{CCF90032-B357-4B04-9DD7-081343FCE138}.Debug|Any CPU.ActiveCfg = Debug|Any CPU
		{CCF90032-B357-4B04-9DD7-081343FCE138}.Debug|Any CPU.Build.0 = Debug|Any CPU
		{CCF90032-B357-4B04-9DD7-081343FCE138}.Release|Any CPU.ActiveCfg = Release|Any CPU
		{CCF90032-B357-4B04-9DD7-081343FCE138}.Release|Any CPU.Build.0 = Release|Any CPU
	EndGlobalSection
	GlobalSection(SolutionProperties) = preSolution
		HideSolutionNode = FALSE
	EndGlobalSection
	GlobalSection(ExtensibilityGlobals) = postSolution
		SolutionGuid = {7EA572F5-AB93-4B97-B014-472CC9D7BBED}
	EndGlobalSection
EndGlobal
